// !$*UTF8*$!
{
	archiveVersion = 1;
	classes = {
	};
	objectVersion = 46;
	objects = {

/* Begin PBXBuildFile section */
		5C5BCD211BE28DE80004D76D /* AppDelegate.swift in Sources */ = {isa = PBXBuildFile; fileRef = 5C5BCD201BE28DE80004D76D /* AppDelegate.swift */; };
		5C5BCD231BE28DE80004D76D /* ViewController.swift in Sources */ = {isa = PBXBuildFile; fileRef = 5C5BCD221BE28DE80004D76D /* ViewController.swift */; };
		5C5BCD261BE28DE80004D76D /* Main.storyboard in Resources */ = {isa = PBXBuildFile; fileRef = 5C5BCD241BE28DE80004D76D /* Main.storyboard */; };
		5C5BCD281BE28DE80004D76D /* Images.xcassets in Resources */ = {isa = PBXBuildFile; fileRef = 5C5BCD271BE28DE80004D76D /* Images.xcassets */; };
		5C5BCD2B1BE28DE80004D76D /* LaunchScreen.xib in Resources */ = {isa = PBXBuildFile; fileRef = 5C5BCD291BE28DE80004D76D /* LaunchScreen.xib */; };
		5C5BCD371BE28DE80004D76D /* alarmsimple2Tests.swift in Sources */ = {isa = PBXBuildFile; fileRef = 5C5BCD361BE28DE80004D76D /* alarmsimple2Tests.swift */; };
/* End PBXBuildFile section */

/* Begin PBXContainerItemProxy section */
		5C5BCD311BE28DE80004D76D /* PBXContainerItemProxy */ = {
			isa = PBXContainerItemProxy;
			containerPortal = 5C5BCD131BE28DE80004D76D /* Project object */;
			proxyType = 1;
			remoteGlobalIDString = 5C5BCD1A1BE28DE80004D76D;
			remoteInfo = alarmsimple2;
		};
/* End PBXContainerItemProxy section */

/* Begin PBXFileReference section */
		5C5BCD1B1BE28DE80004D76D /* alarmsimple2.app */ = {isa = PBXFileReference; explicitFileType = wrapper.application; includeInIndex = 0; path = alarmsimple2.app; sourceTree = BUILT_PRODUCTS_DIR; };
		5C5BCD1F1BE28DE80004D76D /* Info.plist */ = {isa = PBXFileReference; lastKnownFileType = text.plist.xml; path = Info.plist; sourceTree = "<group>"; };
		5C5BCD201BE28DE80004D76D /* AppDelegate.swift */ = {isa = PBXFileReference; lastKnownFileType = sourcecode.swift; path = AppDelegate.swift; sourceTree = "<group>"; };
		5C5BCD221BE28DE80004D76D /* ViewController.swift */ = {isa = PBXFileReference; lastKnownFileType = sourcecode.swift; path = ViewController.swift; sourceTree = "<group>"; };
		5C5BCD251BE28DE80004D76D /* Base */ = {isa = PBXFileReference; lastKnownFileType = file.storyboard; name = Base; path = Base.lproj/Main.storyboard; sourceTree = "<group>"; };
		5C5BCD271BE28DE80004D76D /* Images.xcassets */ = {isa = PBXFileReference; lastKnownFileType = folder.assetcatalog; path = Images.xcassets; sourceTree = "<group>"; };
		5C5BCD2A1BE28DE80004D76D /* Base */ = {isa = PBXFileReference; lastKnownFileType = file.xib; name = Base; path = Base.lproj/LaunchScreen.xib; sourceTree = "<group>"; };
		5C5BCD301BE28DE80004D76D /* alarmsimple2Tests.xctest */ = {isa = PBXFileReference; explicitFileType = wrapper.cfbundle; includeInIndex = 0; path = alarmsimple2Tests.xctest; sourceTree = BUILT_PRODUCTS_DIR; };
		5C5BCD351BE28DE80004D76D /* Info.plist */ = {isa = PBXFileReference; lastKnownFileType = text.plist.xml; path = Info.plist; sourceTree = "<group>"; };
		5C5BCD361BE28DE80004D76D /* alarmsimple2Tests.swift */ = {isa = PBXFileReference; lastKnownFileType = sourcecode.swift; path = alarmsimple2Tests.swift; sourceTree = "<group>"; };
/* End PBXFileReference section */

/* Begin PBXFrameworksBuildPhase section */
		5C5BCD181BE28DE80004D76D /* Frameworks */ = {
			isa = PBXFrameworksBuildPhase;
			buildActionMask = 2147483647;
			files = (
			);
			runOnlyForDeploymentPostprocessing = 0;
		};
		5C5BCD2D1BE28DE80004D76D /* Frameworks */ = {
			isa = PBXFrameworksBuildPhase;
			buildActionMask = 2147483647;
			files = (
			);
			runOnlyForDeploymentPostprocessing = 0;
		};
/* End PBXFrameworksBuildPhase section */

/* Begin PBXGroup section */
		5C5BCD121BE28DE80004D76D = {
			isa = PBXGroup;
			children = (
				5C5BCD1D1BE28DE80004D76D /* alarmsimple2 */,
				5C5BCD331BE28DE80004D76D /* alarmsimple2Tests */,
				5C5BCD1C1BE28DE80004D76D /* Products */,
			);
			sourceTree = "<group>";
		};
		5C5BCD1C1BE28DE80004D76D /* Products */ = {
			isa = PBXGroup;
			children = (
				5C5BCD1B1BE28DE80004D76D /* alarmsimple2.app */,
				5C5BCD301BE28DE80004D76D /* alarmsimple2Tests.xctest */,
			);
			name = Products;
			sourceTree = "<group>";
		};
		5C5BCD1D1BE28DE80004D76D /* alarmsimple2 */ = {
			isa = PBXGroup;
			children = (
				5C5BCD201BE28DE80004D76D /* AppDelegate.swift */,
				5C5BCD221BE28DE80004D76D /* ViewController.swift */,
				5C5BCD241BE28DE80004D76D /* Main.storyboard */,
				5C5BCD271BE28DE80004D76D /* Images.xcassets */,
				5C5BCD291BE28DE80004D76D /* LaunchScreen.xib */,
				5C5BCD1E1BE28DE80004D76D /* Supporting Files */,
			);
			path = alarmsimple2;
			sourceTree = "<group>";
		};
		5C5BCD1E1BE28DE80004D76D /* Supporting Files */ = {
			isa = PBXGroup;
			children = (
				5C5BCD1F1BE28DE80004D76D /* Info.plist */,
			);
			name = "Supporting Files";
			sourceTree = "<group>";
		};
		5C5BCD331BE28DE80004D76D /* alarmsimple2Tests */ = {
			isa = PBXGroup;
			children = (
				5C5BCD361BE28DE80004D76D /* alarmsimple2Tests.swift */,
				5C5BCD341BE28DE80004D76D /* Supporting Files */,
			);
			path = alarmsimple2Tests;
			sourceTree = "<group>";
		};
		5C5BCD341BE28DE80004D76D /* Supporting Files */ = {
			isa = PBXGroup;
			children = (
				5C5BCD351BE28DE80004D76D /* Info.plist */,
			);
			name = "Supporting Files";
			sourceTree = "<group>";
		};
/* End PBXGroup section */

/* Begin PBXNativeTarget section */
		5C5BCD1A1BE28DE80004D76D /* alarmsimple2 */ = {
			isa = PBXNativeTarget;
			buildConfigurationList = 5C5BCD3A1BE28DE80004D76D /* Build configuration list for PBXNativeTarget "alarmsimple2" */;
			buildPhases = (
				5C5BCD171BE28DE80004D76D /* Sources */,
				5C5BCD181BE28DE80004D76D /* Frameworks */,
				5C5BCD191BE28DE80004D76D /* Resources */,
			);
			buildRules = (
			);
			dependencies = (
			);
			name = alarmsimple2;
			productName = alarmsimple2;
			productReference = 5C5BCD1B1BE28DE80004D76D /* alarmsimple2.app */;
			productType = "com.apple.product-type.application";
		};
		5C5BCD2F1BE28DE80004D76D /* alarmsimple2Tests */ = {
			isa = PBXNativeTarget;
			buildConfigurationList = 5C5BCD3D1BE28DE80004D76D /* Build configuration list for PBXNativeTarget "alarmsimple2Tests" */;
			buildPhases = (
				5C5BCD2C1BE28DE80004D76D /* Sources */,
				5C5BCD2D1BE28DE80004D76D /* Frameworks */,
				5C5BCD2E1BE28DE80004D76D /* Resources */,
			);
			buildRules = (
			);
			dependencies = (
				5C5BCD321BE28DE80004D76D /* PBXTargetDependency */,
			);
			name = alarmsimple2Tests;
			productName = alarmsimple2Tests;
			productReference = 5C5BCD301BE28DE80004D76D /* alarmsimple2Tests.xctest */;
			productType = "com.apple.product-type.bundle.unit-test";
		};
/* End PBXNativeTarget section */

/* Begin PBXProject section */
		5C5BCD131BE28DE80004D76D /* Project object */ = {
			isa = PBXProject;
			attributes = {
				LastUpgradeCheck = 0640;
				ORGANIZATIONNAME = "Nico Basile";
				TargetAttributes = {
					5C5BCD1A1BE28DE80004D76D = {
						CreatedOnToolsVersion = 6.4;
					};
					5C5BCD2F1BE28DE80004D76D = {
						CreatedOnToolsVersion = 6.4;
						TestTargetID = 5C5BCD1A1BE28DE80004D76D;
					};
				};
			};
			buildConfigurationList = 5C5BCD161BE28DE80004D76D /* Build configuration list for PBXProject "alarmsimple2" */;
			compatibilityVersion = "Xcode 3.2";
			developmentRegion = English;
			hasScannedForEncodings = 0;
			knownRegions = (
				en,
				Base,
			);
			mainGroup = 5C5BCD121BE28DE80004D76D;
			productRefGroup = 5C5BCD1C1BE28DE80004D76D /* Products */;
			projectDirPath = "";
			projectRoot = "";
			targets = (
				5C5BCD1A1BE28DE80004D76D /* alarmsimple2 */,
				5C5BCD2F1BE28DE80004D76D /* alarmsimple2Tests */,
			);
		};
/* End PBXProject section */

/* Begin PBXResourcesBuildPhase section */
		5C5BCD191BE28DE80004D76D /* Resources */ = {
			isa = PBXResourcesBuildPhase;
			buildActionMask = 2147483647;
			files = (
				5C5BCD261BE28DE80004D76D /* Main.storyboard in Resources */,
				5C5BCD2B1BE28DE80004D76D /* LaunchScreen.xib in Resources */,
				5C5BCD281BE28DE80004D76D /* Images.xcassets in Resources */,
			);
			runOnlyForDeploymentPostprocessing = 0;
		};
		5C5BCD2E1BE28DE80004D76D /* Resources */ = {
			isa = PBXResourcesBuildPhase;
			buildActionMask = 2147483647;
			files = (
			);
			runOnlyForDeploymentPostprocessing = 0;
		};
/* End PBXResourcesBuildPhase section */

/* Begin PBXSourcesBuildPhase section */
		5C5BCD171BE28DE80004D76D /* Sources */ = {
			isa = PBXSourcesBuildPhase;
			buildActionMask = 2147483647;
			files = (
				5C5BCD231BE28DE80004D76D /* ViewController.swift in Sources */,
				5C5BCD211BE28DE80004D76D /* AppDelegate.swift in Sources */,
			);
			runOnlyForDeploymentPostprocessing = 0;
		};
		5C5BCD2C1BE28DE80004D76D /* Sources */ = {
			isa = PBXSourcesBuildPhase;
			buildActionMask = 2147483647;
			files = (
				5C5BCD371BE28DE80004D76D /* alarmsimple2Tests.swift in Sources */,
			);
			runOnlyForDeploymentPostprocessing = 0;
		};
/* End PBXSourcesBuildPhase section */

/* Begin PBXTargetDependency section */
		5C5BCD321BE28DE80004D76D /* PBXTargetDependency */ = {
			isa = PBXTargetDependency;
			target = 5C5BCD1A1BE28DE80004D76D /* alarmsimple2 */;
			targetProxy = 5C5BCD311BE28DE80004D76D /* PBXContainerItemProxy */;
		};
/* End PBXTargetDependency section */

/* Begin PBXVariantGroup section */
		5C5BCD241BE28DE80004D76D /* Main.storyboard */ = {
			isa = PBXVariantGroup;
			children = (
				5C5BCD251BE28DE80004D76D /* Base */,
			);
			name = Main.storyboard;
			sourceTree = "<group>";
		};
		5C5BCD291BE28DE80004D76D /* LaunchScreen.xib */ = {
			isa = PBXVariantGroup;
			children = (
				5C5BCD2A1BE28DE80004D76D /* Base */,
			);
			name = LaunchScreen.xib;
			sourceTree = "<group>";
		};
/* End PBXVariantGroup section */

/* Begin XCBuildConfiguration section */
		5C5BCD381BE28DE80004D76D /* Debug */ = {
			isa = XCBuildConfiguration;
			buildSettings = {
				ALWAYS_SEARCH_USER_PATHS = NO;
				CLANG_CXX_LANGUAGE_STANDARD = "gnu++0x";
				CLANG_CXX_LIBRARY = "libc++";
				CLANG_ENABLE_MODULES = YES;
				CLANG_ENABLE_OBJC_ARC = YES;
				CLANG_WARN_BOOL_CONVERSION = YES;
				CLANG_WARN_CONSTANT_CONVERSION = YES;
				CLANG_WARN_DIRECT_OBJC_ISA_USAGE = YES_ERROR;
				CLANG_WARN_EMPTY_BODY = YES;
				CLANG_WARN_ENUM_CONVERSION = YES;
				CLANG_WARN_INT_CONVERSION = YES;
				CLANG_WARN_OBJC_ROOT_CLASS = YES_ERROR;
				CLANG_WARN_UNREACHABLE_CODE = YES;
				CLANG_WARN__DUPLICATE_METHOD_MATCH = YES;
				"CODE_SIGN_IDENTITY[sdk=iphoneos*]" = "iPhone Developer";
				COPY_PHASE_STRIP = NO;
				DEBUG_INFORMATION_FORMAT = "dwarf-with-dsym";
				ENABLE_STRICT_OBJC_MSGSEND = YES;
				GCC_C_LANGUAGE_STANDARD = gnu99;
				GCC_DYNAMIC_NO_PIC = NO;
				GCC_NO_COMMON_BLOCKS = YES;
				GCC_OPTIMIZATION_LEVEL = 0;
				GCC_PREPROCESSOR_DEFINITIONS = (
					"DEBUG=1",
					"$(inherited)",
				);
				GCC_SYMBOLS_PRIVATE_EXTERN = NO;
				GCC_WARN_64_TO_32_BIT_CONVERSION = YES;
				GCC_WARN_ABOUT_RETURN_TYPE = YES_ERROR;
				GCC_WARN_UNDECLARED_SELECTOR = YES;
				GCC_WARN_UNINITIALIZED_AUTOS = YES_AGGRESSIVE;
				GCC_WARN_UNUSED_FUNCTION = YES;
				GCC_WARN_UNUSED_VARIABLE = YES;
				IPHONEOS_DEPLOYMENT_TARGET = 8.4;
				MTL_ENABLE_DEBUG_INFO = YES;
				ONLY_ACTIVE_ARCH = YES;
				SDKROOT = iphoneos;
				SWIFT_OPTIMIZATION_LEVEL = "-Onone";
				TARGETED_DEVICE_FAMILY = "1,2";
			};
			name = Debug;
		};
		5C5BCD391BE28DE80004D76D /* Release */ = {
			isa = XCBuildConfiguration;
			buildSettings = {
				ALWAYS_SEARCH_USER_PATHS = NO;
				CLANG_CXX_LANGUAGE_STANDARD = "gnu++0x";
				CLANG_CXX_LIBRARY = "libc++";
				CLANG_ENABLE_MODULES = YES;
				CLANG_ENABLE_OBJC_ARC = YES;
				CLANG_WARN_BOOL_CONVERSION = YES;
				CLANG_WARN_CONSTANT_CONVERSION = YES;
				CLANG_WARN_DIRECT_OBJC_ISA_USAGE = YES_ERROR;
				CLANG_WARN_EMPTY_BODY = YES;
				CLANG_WARN_ENUM_CONVERSION = YES;
				CLANG_WARN_INT_CONVERSION = YES;
				CLANG_WARN_OBJC_ROOT_CLASS = YES_ERROR;
				CLANG_WARN_UNREACHABLE_CODE = YES;
				CLANG_WARN__DUPLICATE_METHOD_MATCH = YES;
				"CODE_SIGN_IDENTITY[sdk=iphoneos*]" = "iPhone Developer";
				COPY_PHASE_STRIP = NO;
				DEBUG_INFORMATION_FORMAT = "dwarf-with-dsym";
				ENABLE_NS_ASSERTIONS = NO;
				ENABLE_STRICT_OBJC_MSGSEND = YES;
				GCC_C_LANGUAGE_STANDARD = gnu99;
				GCC_NO_COMMON_BLOCKS = YES;
				GCC_WARN_64_TO_32_BIT_CONVERSION = YES;
				GCC_WARN_ABOUT_RETURN_TYPE = YES_ERROR;
				GCC_WARN_UNDECLARED_SELECTOR = YES;
				GCC_WARN_UNINITIALIZED_AUTOS = YES_AGGRESSIVE;
				GCC_WARN_UNUSED_FUNCTION = YES;
				GCC_WARN_UNUSED_VARIABLE = YES;
				IPHONEOS_DEPLOYMENT_TARGET = 8.4;
				MTL_ENABLE_DEBUG_INFO = NO;
				SDKROOT = iphoneos;
				TARGETED_DEVICE_FAMILY = "1,2";
				VALIDATE_PRODUCT = YES;
			};
			name = Release;
		};
		5C5BCD3B1BE28DE80004D76D /* Debug */ = {
			isa = XCBuildConfiguration;
			buildSettings = {
				ASSETCATALOG_COMPILER_APPICON_NAME = AppIcon;
				INFOPLIST_FILE = alarmsimple2/Info.plist;
				LD_RUNPATH_SEARCH_PATHS = "$(inherited) @executable_path/Frameworks";
				PRODUCT_NAME = "$(TARGET_NAME)";
			};
			name = Debug;
		};
		5C5BCD3C1BE28DE80004D76D /* Release */ = {
			isa = XCBuildConfiguration;
			buildSettings = {
				ASSETCATALOG_COMPILER_APPICON_NAME = AppIcon;
				INFOPLIST_FILE = alarmsimple2/Info.plist;
				LD_RUNPATH_SEARCH_PATHS = "$(inherited) @executable_path/Frameworks";
				PRODUCT_NAME = "$(TARGET_NAME)";
			};
			name = Release;
		};
		5C5BCD3E1BE28DE80004D76D /* Debug */ = {
			isa = XCBuildConfiguration;
			buildSettings = {
				BUNDLE_LOADER = "$(TEST_HOST)";
				FRAMEWORK_SEARCH_PATHS = (
					"$(SDKROOT)/Developer/Library/Frameworks",
					"$(inherited)",
				);
				GCC_PREPROCESSOR_DEFINITIONS = (
					"DEBUG=1",
					"$(inherited)",
				);
				INFOPLIST_FILE = alarmsimple2Tests/Info.plist;
				LD_RUNPATH_SEARCH_PATHS = "$(inherited) @executable_path/Frameworks @loader_path/Frameworks";
				PRODUCT_NAME = "$(TARGET_NAME)";
				TEST_HOST = "$(BUILT_PRODUCTS_DIR)/alarmsimple2.app/alarmsimple2";
			};
			name = Debug;
		};
		5C5BCD3F1BE28DE80004D76D /* Release */ = {
			isa = XCBuildConfiguration;
			buildSettings = {
				BUNDLE_LOADER = "$(TEST_HOST)";
				FRAMEWORK_SEARCH_PATHS = (
					"$(SDKROOT)/Developer/Library/Frameworks",
					"$(inherited)",
				);
				INFOPLIST_FILE = alarmsimple2Tests/Info.plist;
				LD_RUNPATH_SEARCH_PATHS = "$(inherited) @executable_path/Frameworks @loader_path/Frameworks";
				PRODUCT_NAME = "$(TARGET_NAME)";
				TEST_HOST = "$(BUILT_PRODUCTS_DIR)/alarmsimple2.app/alarmsimple2";
			};
			name = Release;
		};
/* End XCBuildConfiguration section */

/* Begin XCConfigurationList section */
		5C5BCD161BE28DE80004D76D /* Build configuration list for PBXProject "alarmsimple2" */ = {
			isa = XCConfigurationList;
			buildConfigurations = (
				5C5BCD381BE28DE80004D76D /* Debug */,
				5C5BCD391BE28DE80004D76D /* Release */,
			);
			defaultConfigurationIsVisible = 0;
			defaultConfigurationName = Release;
		};
		5C5BCD3A1BE28DE80004D76D /* Build configuration list for PBXNativeTarget "alarmsimple2" */ = {
			isa = XCConfigurationList;
			buildConfigurations = (
				5C5BCD3B1BE28DE80004D76D /* Debug */,
				5C5BCD3C1BE28DE80004D76D /* Release */,
			);
			defaultConfigurationIsVisible = 0;
		};
		5C5BCD3D1BE28DE80004D76D /* Build configuration list for PBXNativeTarget "alarmsimple2Tests" */ = {
			isa = XCConfigurationList;
			buildConfigurations = (
				5C5BCD3E1BE28DE80004D76D /* Debug */,
				5C5BCD3F1BE28DE80004D76D /* Release */,
			);
			defaultConfigurationIsVisible = 0;
		};
/* End XCConfigurationList section */
	};
	rootObject = 5C5BCD131BE28DE80004D76D /* Project object */;
}
